{
    "_readme": [
        "This file locks the dependencies of your project to a known state",
        "Read more about it at http://getcomposer.org/doc/01-basic-usage.md#composer-lock-the-lock-file",
        "This file is @generated automatically"
    ],
    "hash": "413a8a258da9f21fbaceb42b4c609bac",
    "packages": [
        {
            "name": "efficiently/jquery-laravel",
            "version": "1.0.5",
            "source": {
                "type": "git",
                "url": "https://github.com/efficiently/jquery-laravel.git",
                "reference": "60aa8326f7a938360dc26df8e04b35c5608cef9c"
            },
            "dist": {
                "type": "zip",
                "url": "https://api.github.com/repos/efficiently/jquery-laravel/zipball/60aa8326f7a938360dc26df8e04b35c5608cef9c",
                "reference": "60aa8326f7a938360dc26df8e04b35c5608cef9c",
                "shasum": ""
            },
            "require": {
                "illuminate/support": "~4.1",
                "php": ">=5.4.0"
            },
            "type": "library",
            "autoload": {
                "files": [
                    "src/Efficiently/JqueryLaravel/helpers.php"
                ],
                "psr-0": {
                    "Efficiently\\JqueryLaravel\\": "src/"
                }
            },
            "notification-url": "https://packagist.org/downloads/",
            "license": [
                "MIT"
            ],
            "authors": [
                {
                    "name": "Tortue Torche",
                    "email": "tortuetorche@spam.me"
                }
            ],
            "description": "This package provides jQuery and the jQuery-ujs driver for your Laravel 4+ application.",
            "keywords": [
                "ajax",
                "asset pipeline",
                "assets",
                "javascript",
                "jquery",
                "larasset",
                "laravel",
                "pipeline",
                "ujs",
                "unobtrusive"
            ],
            "time": "2014-09-16 16:17:56"
        },
        {
            "name": "illuminate/support",
            "version": "v4.2.9",
            "target-dir": "Illuminate/Support",
            "source": {
                "type": "git",
                "url": "https://github.com/illuminate/support.git",
                "reference": "b6716d34afce6e69523725f2534a5c3a54dba964"
            },
            "dist": {
                "type": "zip",
                "url": "https://api.github.com/repos/illuminate/support/zipball/b6716d34afce6e69523725f2534a5c3a54dba964",
                "reference": "b6716d34afce6e69523725f2534a5c3a54dba964",
                "shasum": ""
            },
            "require": {
                "php": ">=5.4.0"
            },
            "require-dev": {
                "jeremeamia/superclosure": "~1.0",
                "patchwork/utf8": "1.1.*"
            },
            "type": "library",
            "extra": {
                "branch-alias": {
                    "dev-master": "4.2-dev"
                }
            },
            "autoload": {
                "psr-0": {
                    "Illuminate\\Support": ""
                },
                "files": [
                    "Illuminate/Support/helpers.php"
                ]
            },
            "notification-url": "https://packagist.org/downloads/",
            "license": [
                "MIT"
            ],
            "authors": [
                {
                    "name": "Taylor Otwell",
                    "email": "taylorotwell@gmail.com"
                }
            ],
            "time": "2014-09-12 21:42:43"
        }
    ],
    "packages-dev": [
        {
            "name": "illuminate/console",
            "version": "v4.2.9",
            "target-dir": "Illuminate/Console",
            "source": {
                "type": "git",
                "url": "https://github.com/illuminate/console.git",
                "reference": "d52fd2d8debdcb7e1ebf931581fe518ae865db0a"
            },
            "dist": {
                "type": "zip",
                "url": "https://api.github.com/repos/illuminate/console/zipball/d52fd2d8debdcb7e1ebf931581fe518ae865db0a",
                "reference": "d52fd2d8debdcb7e1ebf931581fe518ae865db0a",
                "shasum": ""
            },
            "require": {
                "php": ">=5.4.0",
                "symfony/console": "2.5.*"
            },
            "type": "library",
            "extra": {
                "branch-alias": {
                    "dev-master": "4.2-dev"
                }
            },
            "autoload": {
                "psr-0": {
                    "Illuminate\\Console": ""
                }
            },
            "notification-url": "https://packagist.org/downloads/",
            "license": [
                "MIT"
            ],
            "authors": [
                {
                    "name": "Taylor Otwell",
                    "email": "taylorotwell@gmail.com"
                }
            ],
            "time": "2014-09-05 17:27:06"
        },
        {
            "name": "symfony/console",
            "version": "v2.5.4",
            "target-dir": "Symfony/Component/Console",
            "source": {
                "type": "git",
                "url": "https://github.com/symfony/Console.git",
                "reference": "748beed2a1e73179c3f5154d33fe6ae100c1aeb1"
            },
            "dist": {
                "type": "zip",
                "url": "https://api.github.com/repos/symfony/Console/zipball/748beed2a1e73179c3f5154d33fe6ae100c1aeb1",
                "reference": "748beed2a1e73179c3f5154d33fe6ae100c1aeb1",
                "shasum": ""
            },
            "require": {
                "php": ">=5.3.3"
            },
            "require-dev": {
                "psr/log": "~1.0",
                "symfony/event-dispatcher": "~2.1"
            },
            "suggest": {
                "psr/log": "For using the console logger",
                "symfony/event-dispatcher": ""
            },
            "type": "library",
            "extra": {
                "branch-alias": {
                    "dev-master": "2.5-dev"
                }
            },
            "autoload": {
                "psr-0": {
                    "Symfony\\Component\\Console\\": ""
                }
            },
            "notification-url": "https://packagist.org/downloads/",
            "license": [
                "MIT"
            ],
            "authors": [
                {
                    "name": "Symfony Community",
                    "homepage": "http://symfony.com/contributors"
                },
                {
                    "name": "Fabien Potencier",
                    "email": "fabien@symfony.com"
                }
            ],
            "description": "Symfony Console Component",
            "homepage": "http://symfony.com",
            "time": "2014-08-14 16:10:54"
        }
    ],
    "aliases": [

    ],
    "minimum-stability": "dev",
    "stability-flags": [

    ],
    "prefer-stable": true,
    "platform": {
        "php": ">=5.4.0"
    },
    "platform-dev": [

    ]
}
