{
    "_readme": [
        "This file locks the dependencies of your project to a known state",
        "Read more about it at http://getcomposer.org/doc/01-basic-usage.md#composer-lock-the-lock-file",
        "This file is @generated automatically"
    ],
    "hash": "e336b70948cc60ea9182c6350dde6165",
    "packages": [
        {
            "name": "efficiently/jquery-laravel",
            "version": "1.0.0",
            "source": {
                "type": "git",
                "url": "https://github.com/efficiently/jquery-laravel.git",
                "reference": "0928d4951340b79b52365f92ab94320ec32a8ca4"
            },
            "dist": {
                "type": "zip",
                "url": "https://api.github.com/repos/efficiently/jquery-laravel/zipball/0928d4951340b79b52365f92ab94320ec32a8ca4",
                "reference": "0928d4951340b79b52365f92ab94320ec32a8ca4",
                "shasum": ""
            },
            "require": {
                "illuminate/support": "~4.1",
                "php": ">=5.4.0"
            },
            "type": "library",
            "autoload": {
                "files": [
                    "src/Efficiently/JqueryLaravel/helpers.php"
                ],
                "psr-0": {
                    "Efficiently\\JqueryLaravel\\": "src/"
                }
            },
            "notification-url": "https://packagist.org/downloads/",
            "license": [
                "MIT"
            ],
            "authors": [
                {
                    "name": "Tortue Torche",
                    "email": "tortuetorche@spam.me"
                }
            ],
            "description": "This package provides jQuery and the jQuery-ujs driver for your Laravel 4+ application.",
            "keywords": [
                "ajax",
                "asset_pipeline",
                "assets",
                "javascript",
                "jquery",
                "larasset",
                "laravel",
                "pipeline",
                "ujs",
                "unobtrusive"
            ],
            "time": "2014-08-12 14:19:51"
        },
        {
            "name": "illuminate/support",
            "version": "v4.2.8",
            "target-dir": "Illuminate/Support",
            "source": {
                "type": "git",
                "url": "https://github.com/illuminate/support.git",
                "reference": "8702d655da1f7502037a2206df38399656ff35ae"
            },
            "dist": {
                "type": "zip",
                "url": "https://api.github.com/repos/illuminate/support/zipball/8702d655da1f7502037a2206df38399656ff35ae",
                "reference": "8702d655da1f7502037a2206df38399656ff35ae",
                "shasum": ""
            },
            "require": {
                "php": ">=5.4.0"
            },
            "require-dev": {
                "jeremeamia/superclosure": "~1.0",
                "patchwork/utf8": "1.1.*"
            },
            "type": "library",
            "extra": {
                "branch-alias": {
                    "dev-master": "4.2-dev"
                }
            },
            "autoload": {
                "psr-0": {
                    "Illuminate\\Support": ""
                },
                "files": [
                    "Illuminate/Support/helpers.php"
                ]
            },
            "notification-url": "https://packagist.org/downloads/",
            "license": [
                "MIT"
            ],
            "authors": [
                {
                    "name": "Taylor Otwell",
                    "email": "taylorotwell@gmail.com"
                }
            ],
            "time": "2014-08-05 12:08:34"
        }
    ],
    "packages-dev": [
        {
            "name": "illuminate/console",
            "version": "v4.2.8",
            "target-dir": "Illuminate/Console",
            "source": {
                "type": "git",
                "url": "https://github.com/illuminate/console.git",
                "reference": "26ab2d3f5223851ac537668c778f13cad8742e4c"
            },
            "dist": {
                "type": "zip",
                "url": "https://api.github.com/repos/illuminate/console/zipball/26ab2d3f5223851ac537668c778f13cad8742e4c",
                "reference": "26ab2d3f5223851ac537668c778f13cad8742e4c",
                "shasum": ""
            },
            "require": {
                "php": ">=5.4.0",
                "symfony/console": "2.5.*"
            },
            "type": "library",
            "extra": {
                "branch-alias": {
                    "dev-master": "4.2-dev"
                }
            },
            "autoload": {
                "psr-0": {
                    "Illuminate\\Console": ""
                }
            },
            "notification-url": "https://packagist.org/downloads/",
            "license": [
                "MIT"
            ],
            "authors": [
                {
                    "name": "Taylor Otwell",
                    "email": "taylorotwell@gmail.com"
                }
            ],
            "time": "2014-08-01 12:29:44"
        },
        {
            "name": "symfony/console",
            "version": "v2.5.3",
            "target-dir": "Symfony/Component/Console",
            "source": {
                "type": "git",
                "url": "https://github.com/symfony/Console.git",
                "reference": "cd2d1e4bac2206b337326b0140ff475fe9ad5f63"
            },
            "dist": {
                "type": "zip",
                "url": "https://api.github.com/repos/symfony/Console/zipball/cd2d1e4bac2206b337326b0140ff475fe9ad5f63",
                "reference": "cd2d1e4bac2206b337326b0140ff475fe9ad5f63",
                "shasum": ""
            },
            "require": {
                "php": ">=5.3.3"
            },
            "require-dev": {
                "psr/log": "~1.0",
                "symfony/event-dispatcher": "~2.1"
            },
            "suggest": {
                "psr/log": "For using the console logger",
                "symfony/event-dispatcher": ""
            },
            "type": "library",
            "extra": {
                "branch-alias": {
                    "dev-master": "2.5-dev"
                }
            },
            "autoload": {
                "psr-0": {
                    "Symfony\\Component\\Console\\": ""
                }
            },
            "notification-url": "https://packagist.org/downloads/",
            "license": [
                "MIT"
            ],
            "authors": [
                {
                    "name": "Symfony Community",
                    "homepage": "http://symfony.com/contributors"
                },
                {
                    "name": "Fabien Potencier",
                    "email": "fabien@symfony.com"
                }
            ],
            "description": "Symfony Console Component",
            "homepage": "http://symfony.com",
            "time": "2014-08-05 09:00:40"
        }
    ],
    "aliases": [

    ],
    "minimum-stability": "dev",
    "stability-flags": [

    ],
    "prefer-stable": true,
    "platform": {
        "php": ">=5.4.0"
    },
    "platform-dev": [

    ]
}
